
Microsoft Visual Studio Solution File, Format Version 12.00
# Visual Studio 15
VisualStudioVersion = 15.0.28307.572
MinimumVisualStudioVersion = 10.0.40219.1
Project("{FAE04EC0-301F-11D3-BF4B-00C04F79EFBC}") = "BTree", "BTree\BTree.csproj", "{0BD73775-7DA0-436C-B4A6-F46E8E6E7CC3}"
EndProject
Global
	GlobalSection(SolutionConfigurationPlatforms) = preSolution
		Debug|Any CPU = Debug|Any CPU
		Release|Any CPU = Release|Any CPU
	EndGlobalSection
	GlobalSection(ProjectConfigurationPlatforms) = postSolution
		{0BD73775-7DA0-436C-B4A6-F46E8E6E7CC3}.Debug|Any CPU.ActiveCfg = Debug|Any CPU
		{0BD73775-7DA0-436C-B4A6-F46E8E6E7CC3}.Debug|Any CPU.Build.0 = Debug|Any CPU
		{0BD73775-7DA0-436C-B4A6-F46E8E6E7CC3}.Release|Any CPU.ActiveCfg = Release|Any CPU
		{0BD73775-7DA0-436C-B4A6-F46E8E6E7CC3}.Release|Any CPU.Build.0 = Release|Any CPU
	EndGlobalSection
	GlobalSection(SolutionProperties) = preSolution
		HideSolutionNode = FALSE
	EndGlobalSection
	GlobalSection(ExtensibilityGlobals) = postSolution
		SolutionGuid = {2343BAE8-4DB9-4417-B213-F9EE57CF1BDE}
	EndGlobalSection
EndGlobal
